
Microsoft Visual Studio Solution File, Format Version 12.00
# Visual Studio Version 16
VisualStudioVersion = 16.0.34407.143
MinimumVisualStudioVersion = 10.0.40219.1
Project("{FAE04EC0-301F-11D3-BF4B-00C04F79EFBC}") = "CMPG212 - Practical 1", "CMPG212 - Practical 1\CMPG212 - Practical 1.csproj", "{2F1F20B1-C86A-4F74-BAF0-044A750919DD}"
EndProject
Global
	GlobalSection(SolutionConfigurationPlatforms) = preSolution
		Debug|Any CPU = Debug|Any CPU
		Release|Any CPU = Release|Any CPU
	EndGlobalSection
	GlobalSection(ProjectConfigurationPlatforms) = postSolution
		{2F1F20B1-C86A-4F74-BAF0-044A750919DD}.Debug|Any CPU.ActiveCfg = Debug|Any CPU
		{2F1F20B1-C86A-4F74-BAF0-044A750919DD}.Debug|Any CPU.Build.0 = Debug|Any CPU
		{2F1F20B1-C86A-4F74-BAF0-044A750919DD}.Release|Any CPU.ActiveCfg = Release|Any CPU
		{2F1F20B1-C86A-4F74-BAF0-044A750919DD}.Release|Any CPU.Build.0 = Release|Any CPU
	EndGlobalSection
	GlobalSection(SolutionProperties) = preSolution
		HideSolutionNode = FALSE
	EndGlobalSection
	GlobalSection(ExtensibilityGlobals) = postSolution
		SolutionGuid = {B39F1BE0-BC08-4D9B-8430-172104E81AF3}
	EndGlobalSection
EndGlobal
